PODS:
  - connectivity (0.0.1):
    - Flutter
    - Reachability
  - Flutter (1.0.0)
  - flutter_image_compress (0.0.1):
    - Flutter
    - SYPictureMetadata (~> 1.4)
  - flutter_webview_plugin (0.0.1):
    - Flutter
  - image_picker (0.0.1):
    - Flutter
  - image_picker_saver (0.0.1):
    - Flutter
  - Mantle (2.1.0):
    - Mantle/extobjc (= 2.1.0)
  - Mantle/extobjc (2.1.0)
  - package_info (0.0.1):
    - Flutter
  - permission_handler (3.1.0):
    - Flutter
  - Reachability (3.2)
  - shared_preferences (0.0.1):
    - Flutter
  - SYPictureMetadata (1.4.3):
    - Mantle
  - url_launcher (0.0.1):
    - Flutter
  - webview_flutter (0.0.1):
    - Flutter

DEPENDENCIES:
  - connectivity (from `.symlinks/plugins/connectivity/ios`)
  - Flutter (from `Flutter`)
  - flutter_image_compress (from `.symlinks/plugins/flutter_image_compress/ios`)
  - flutter_webview_plugin (from `.symlinks/plugins/flutter_webview_plugin/ios`)
  - image_picker (from `.symlinks/plugins/image_picker/ios`)
  - image_picker_saver (from `.symlinks/plugins/image_picker_saver/ios`)
  - package_info (from `.symlinks/plugins/package_info/ios`)
  - permission_handler (from `.symlinks/plugins/permission_handler/ios`)
  - shared_preferences (from `.symlinks/plugins/shared_preferences/ios`)
  - url_launcher (from `.symlinks/plugins/url_launcher/ios`)
  - webview_flutter (from `.symlinks/plugins/webview_flutter/ios`)

SPEC REPOS:
  https://github.com/CocoaPods/Specs.git:
    - Mantle
    - Reachability
    - SYPictureMetadata

EXTERNAL SOURCES:
  connectivity:
    :path: ".symlinks/plugins/connectivity/ios"
  Flutter:
    :path: Flutter
  flutter_image_compress:
    :path: ".symlinks/plugins/flutter_image_compress/ios"
  flutter_webview_plugin:
    :path: ".symlinks/plugins/flutter_webview_plugin/ios"
  image_picker:
    :path: ".symlinks/plugins/image_picker/ios"
  image_picker_saver:
    :path: ".symlinks/plugins/image_picker_saver/ios"
  package_info:
    :path: ".symlinks/plugins/package_info/ios"
  permission_handler:
    :path: ".symlinks/plugins/permission_handler/ios"
  shared_preferences:
    :path: ".symlinks/plugins/shared_preferences/ios"
  url_launcher:
    :path: ".symlinks/plugins/url_launcher/ios"
  webview_flutter:
    :path: ".symlinks/plugins/webview_flutter/ios"

SPEC CHECKSUMS:
  connectivity: c72716e202a1225ec4810740d5cb56b8ae3bf4cc
  Flutter: 0e3d915762c693b495b44d77113d4970485de6ec
  flutter_image_compress: edee970f2ab59ceac69d5d6f552df91d6d0294e5
  flutter_webview_plugin: ed9e8a6a96baf0c867e90e1bce2673913eeac694
  image_picker: 16e5fec1fbc87fd3b297c53e4048521eaf17cd06
  image_picker_saver: 4f28bd70e1efdca68ad88beab0f11d22cffe04f6
  Mantle: 2fa750afa478cd625a94230fbf1c13462f29395b
  package_info: 78cabb3c322943c55d39676f4a5bfc748c01d055
  permission_handler: fa6b0d784b1a43cb96b468a5b8365cb130b1956a
  Reachability: 33e18b67625424e47b6cde6d202dce689ad7af96
  shared_preferences: 1feebfa37bb57264736e16865e7ffae7fc99b523
  SYPictureMetadata: fa35cbfdd9089241dfe5c798a11504546c5255e9
  url_launcher: 0067ddb8f10d36786672aa0722a21717dba3a298
  webview_flutter: db3aba222b23e4dc432e0c5882834123dc50ff9f

PODFILE CHECKSUM: 3dbe063e9c90a5d7c9e4e76e70a821b9e2c1d271

COCOAPODS: 1.9.1
